
Microsoft Visual Studio Solution File, Format Version 12.00
# Visual Studio Version 17
VisualStudioVersion = 17.12.35527.113 d17.12
MinimumVisualStudioVersion = 10.0.40219.1
Project("{2150E333-8FDC-42A3-9474-1A3956D46DE8}") = "CreationalPatterns", "CreationalPatterns", "{367F42F5-B889-45C5-B587-A536B2005DF5}"
EndProject
Project("{2150E333-8FDC-42A3-9474-1A3956D46DE8}") = "StructuralPatterns", "StructuralPatterns", "{B822D8D7-D0DC-429C-851F-899BDDCA719A}"
EndProject
Project("{2150E333-8FDC-42A3-9474-1A3956D46DE8}") = "BehavioralPatterns", "BehavioralPatterns", "{2ACC26D7-F37B-457C-94CB-BC04B7DF1E61}"
EndProject
Project("{FAE04EC0-301F-11D3-BF4B-00C04F79EFBC}") = "Singleton", "Singleton\Singleton.csproj", "{5B7D3ADD-1F20-4937-8D67-4BBD87890DAB}"
EndProject
Project("{FAE04EC0-301F-11D3-BF4B-00C04F79EFBC}") = "Builder", "Builder\Builder.csproj", "{51131B66-026E-4588-9B34-543261552325}"
EndProject
Project("{FAE04EC0-301F-11D3-BF4B-00C04F79EFBC}") = "Factory", "Factory\Factory.csproj", "{D44364B6-FAAF-4169-A30C-37271B9F5167}"
EndProject
Project("{FAE04EC0-301F-11D3-BF4B-00C04F79EFBC}") = "Adapter", "Adapter\Adapter.csproj", "{826B931C-BD66-4507-B0D0-CF3CBEB62104}"
EndProject
Project("{FAE04EC0-301F-11D3-BF4B-00C04F79EFBC}") = "Composite", "Composite\Composite.csproj", "{BF935A8A-CB8A-4EF7-B109-CE739B895F53}"
EndProject
Project("{FAE04EC0-301F-11D3-BF4B-00C04F79EFBC}") = "Facade", "Facade\Facade.csproj", "{D3FE6207-773E-4648-B023-8F7B1A9C2E5F}"
EndProject
Project("{FAE04EC0-301F-11D3-BF4B-00C04F79EFBC}") = "Command", "Command\Command.csproj", "{46049DD2-2D5C-4945-977B-51AE7021B74F}"
EndProject
Project("{FAE04EC0-301F-11D3-BF4B-00C04F79EFBC}") = "Template", "Template\Template.csproj", "{153802DA-75FF-4587-8C56-341544E68F6D}"
EndProject
Project("{FAE04EC0-301F-11D3-BF4B-00C04F79EFBC}") = "Observer", "Observer\Observer.csproj", "{2E2DF699-28C3-4D59-81B2-7E0B3BD0EBEC}"
EndProject
Global
	GlobalSection(SolutionConfigurationPlatforms) = preSolution
		Debug|Any CPU = Debug|Any CPU
		Release|Any CPU = Release|Any CPU
	EndGlobalSection
	GlobalSection(ProjectConfigurationPlatforms) = postSolution
		{5B7D3ADD-1F20-4937-8D67-4BBD87890DAB}.Debug|Any CPU.ActiveCfg = Debug|Any CPU
		{5B7D3ADD-1F20-4937-8D67-4BBD87890DAB}.Debug|Any CPU.Build.0 = Debug|Any CPU
		{5B7D3ADD-1F20-4937-8D67-4BBD87890DAB}.Release|Any CPU.ActiveCfg = Release|Any CPU
		{5B7D3ADD-1F20-4937-8D67-4BBD87890DAB}.Release|Any CPU.Build.0 = Release|Any CPU
		{51131B66-026E-4588-9B34-543261552325}.Debug|Any CPU.ActiveCfg = Debug|Any CPU
		{51131B66-026E-4588-9B34-543261552325}.Debug|Any CPU.Build.0 = Debug|Any CPU
		{51131B66-026E-4588-9B34-543261552325}.Release|Any CPU.ActiveCfg = Release|Any CPU
		{51131B66-026E-4588-9B34-543261552325}.Release|Any CPU.Build.0 = Release|Any CPU
		{D44364B6-FAAF-4169-A30C-37271B9F5167}.Debug|Any CPU.ActiveCfg = Debug|Any CPU
		{D44364B6-FAAF-4169-A30C-37271B9F5167}.Debug|Any CPU.Build.0 = Debug|Any CPU
		{D44364B6-FAAF-4169-A30C-37271B9F5167}.Release|Any CPU.ActiveCfg = Release|Any CPU
		{D44364B6-FAAF-4169-A30C-37271B9F5167}.Release|Any CPU.Build.0 = Release|Any CPU
		{826B931C-BD66-4507-B0D0-CF3CBEB62104}.Debug|Any CPU.ActiveCfg = Debug|Any CPU
		{826B931C-BD66-4507-B0D0-CF3CBEB62104}.Debug|Any CPU.Build.0 = Debug|Any CPU
		{826B931C-BD66-4507-B0D0-CF3CBEB62104}.Release|Any CPU.ActiveCfg = Release|Any CPU
		{826B931C-BD66-4507-B0D0-CF3CBEB62104}.Release|Any CPU.Build.0 = Release|Any CPU
		{BF935A8A-CB8A-4EF7-B109-CE739B895F53}.Debug|Any CPU.ActiveCfg = Debug|Any CPU
		{BF935A8A-CB8A-4EF7-B109-CE739B895F53}.Debug|Any CPU.Build.0 = Debug|Any CPU
		{BF935A8A-CB8A-4EF7-B109-CE739B895F53}.Release|Any CPU.ActiveCfg = Release|Any CPU
		{BF935A8A-CB8A-4EF7-B109-CE739B895F53}.Release|Any CPU.Build.0 = Release|Any CPU
		{D3FE6207-773E-4648-B023-8F7B1A9C2E5F}.Debug|Any CPU.ActiveCfg = Debug|Any CPU
		{D3FE6207-773E-4648-B023-8F7B1A9C2E5F}.Debug|Any CPU.Build.0 = Debug|Any CPU
		{D3FE6207-773E-4648-B023-8F7B1A9C2E5F}.Release|Any CPU.ActiveCfg = Release|Any CPU
		{D3FE6207-773E-4648-B023-8F7B1A9C2E5F}.Release|Any CPU.Build.0 = Release|Any CPU
		{46049DD2-2D5C-4945-977B-51AE7021B74F}.Debug|Any CPU.ActiveCfg = Debug|Any CPU
		{46049DD2-2D5C-4945-977B-51AE7021B74F}.Debug|Any CPU.Build.0 = Debug|Any CPU
		{46049DD2-2D5C-4945-977B-51AE7021B74F}.Release|Any CPU.ActiveCfg = Release|Any CPU
		{46049DD2-2D5C-4945-977B-51AE7021B74F}.Release|Any CPU.Build.0 = Release|Any CPU
		{153802DA-75FF-4587-8C56-341544E68F6D}.Debug|Any CPU.ActiveCfg = Debug|Any CPU
		{153802DA-75FF-4587-8C56-341544E68F6D}.Debug|Any CPU.Build.0 = Debug|Any CPU
		{153802DA-75FF-4587-8C56-341544E68F6D}.Release|Any CPU.ActiveCfg = Release|Any CPU
		{153802DA-75FF-4587-8C56-341544E68F6D}.Release|Any CPU.Build.0 = Release|Any CPU
		{2E2DF699-28C3-4D59-81B2-7E0B3BD0EBEC}.Debug|Any CPU.ActiveCfg = Debug|Any CPU
		{2E2DF699-28C3-4D59-81B2-7E0B3BD0EBEC}.Debug|Any CPU.Build.0 = Debug|Any CPU
		{2E2DF699-28C3-4D59-81B2-7E0B3BD0EBEC}.Release|Any CPU.ActiveCfg = Release|Any CPU
		{2E2DF699-28C3-4D59-81B2-7E0B3BD0EBEC}.Release|Any CPU.Build.0 = Release|Any CPU
	EndGlobalSection
	GlobalSection(SolutionProperties) = preSolution
		HideSolutionNode = FALSE
	EndGlobalSection
	GlobalSection(NestedProjects) = preSolution
		{5B7D3ADD-1F20-4937-8D67-4BBD87890DAB} = {367F42F5-B889-45C5-B587-A536B2005DF5}
		{51131B66-026E-4588-9B34-543261552325} = {367F42F5-B889-45C5-B587-A536B2005DF5}
		{D44364B6-FAAF-4169-A30C-37271B9F5167} = {367F42F5-B889-45C5-B587-A536B2005DF5}
		{826B931C-BD66-4507-B0D0-CF3CBEB62104} = {B822D8D7-D0DC-429C-851F-899BDDCA719A}
		{BF935A8A-CB8A-4EF7-B109-CE739B895F53} = {B822D8D7-D0DC-429C-851F-899BDDCA719A}
		{D3FE6207-773E-4648-B023-8F7B1A9C2E5F} = {B822D8D7-D0DC-429C-851F-899BDDCA719A}
		{46049DD2-2D5C-4945-977B-51AE7021B74F} = {2ACC26D7-F37B-457C-94CB-BC04B7DF1E61}
		{153802DA-75FF-4587-8C56-341544E68F6D} = {2ACC26D7-F37B-457C-94CB-BC04B7DF1E61}
		{2E2DF699-28C3-4D59-81B2-7E0B3BD0EBEC} = {2ACC26D7-F37B-457C-94CB-BC04B7DF1E61}
	EndGlobalSection
EndGlobal
